// !$*UTF8*$!
{
	archiveVersion = 1;
	classes = {
	};
	objectVersion = 55;
	objects = {

/* Begin PBXBuildFile section */
		090E81F375E82276115D2944 /* Pods_FlightObserver.framework in Frameworks */ = {isa = PBXBuildFile; fileRef = B2C8C79F37728CE2DDBD0DCF /* Pods_FlightObserver.framework */; };
		67B6BE2D27397092004C5EA6 /* AppDelegate.swift in Sources */ = {isa = PBXBuildFile; fileRef = 67B6BE2C27397092004C5EA6 /* AppDelegate.swift */; };
		67B6BE3627397094004C5EA6 /* Assets.xcassets in Resources */ = {isa = PBXBuildFile; fileRef = 67B6BE3527397094004C5EA6 /* Assets.xcassets */; };
		67B6BE3927397094004C5EA6 /* LaunchScreen.storyboard in Resources */ = {isa = PBXBuildFile; fileRef = 67B6BE3727397094004C5EA6 /* LaunchScreen.storyboard */; };
		67B6BE6227397498004C5EA6 /* AppRouter.swift in Sources */ = {isa = PBXBuildFile; fileRef = 67B6BE6127397498004C5EA6 /* AppRouter.swift */; };
		67B6BE64273974A9004C5EA6 /* AppContainer.swift in Sources */ = {isa = PBXBuildFile; fileRef = 67B6BE63273974A9004C5EA6 /* AppContainer.swift */; };
		67B6BE6827397E17004C5EA6 /* LaunchList.storyboard in Resources */ = {isa = PBXBuildFile; fileRef = 67B6BE6727397E17004C5EA6 /* LaunchList.storyboard */; };
		67B6BE6A27397E30004C5EA6 /* LaunchListViewController.swift in Sources */ = {isa = PBXBuildFile; fileRef = 67B6BE6927397E30004C5EA6 /* LaunchListViewController.swift */; };
		67B6BE6C27397EC1004C5EA6 /* LaunchListBuilder.swift in Sources */ = {isa = PBXBuildFile; fileRef = 67B6BE6B27397EC1004C5EA6 /* LaunchListBuilder.swift */; };
		67B6BE6E27397F0D004C5EA6 /* LaunchListContracts.swift in Sources */ = {isa = PBXBuildFile; fileRef = 67B6BE6D27397F0D004C5EA6 /* LaunchListContracts.swift */; };
		67B6BE7027397F79004C5EA6 /* LaunchListViewModel.swift in Sources */ = {isa = PBXBuildFile; fileRef = 67B6BE6F27397F79004C5EA6 /* LaunchListViewModel.swift */; };
		67B6BE73273980EB004C5EA6 /* LaunchDetail.swift in Sources */ = {isa = PBXBuildFile; fileRef = 67B6BE72273980EB004C5EA6 /* LaunchDetail.swift */; };
		67B6BE752739828C004C5EA6 /* LaunchApiService.swift in Sources */ = {isa = PBXBuildFile; fileRef = 67B6BE742739828C004C5EA6 /* LaunchApiService.swift */; };
		67B6BE7727398301004C5EA6 /* Result.swift in Sources */ = {isa = PBXBuildFile; fileRef = 67B6BE7627398301004C5EA6 /* Result.swift */; };
		67B6BE7927399283004C5EA6 /* LaunchDetailLinks.swift in Sources */ = {isa = PBXBuildFile; fileRef = 67B6BE7827399283004C5EA6 /* LaunchDetailLinks.swift */; };
		67B6BE7C2739AAA3004C5EA6 /* FlightDetailRow.swift in Sources */ = {isa = PBXBuildFile; fileRef = 67B6BE7B2739AAA3004C5EA6 /* FlightDetailRow.swift */; };
		67B6BE7E2739C4F9004C5EA6 /* KingfisherSource.swift in Sources */ = {isa = PBXBuildFile; fileRef = 67B6BE7D2739C4F9004C5EA6 /* KingfisherSource.swift */; };
		67B6BE81273AF351004C5EA6 /* LaunchDetail.storyboard in Resources */ = {isa = PBXBuildFile; fileRef = 67B6BE80273AF351004C5EA6 /* LaunchDetail.storyboard */; };
		67B6BE83273AF372004C5EA6 /* LaunchDetailViewController.swift in Sources */ = {isa = PBXBuildFile; fileRef = 67B6BE82273AF372004C5EA6 /* LaunchDetailViewController.swift */; };
		67B6BE85273AF380004C5EA6 /* LaunchDetailBuilder.swift in Sources */ = {isa = PBXBuildFile; fileRef = 67B6BE84273AF380004C5EA6 /* LaunchDetailBuilder.swift */; };
		67B6BE87273AF39C004C5EA6 /* LaunchDetailContracts.swift in Sources */ = {isa = PBXBuildFile; fileRef = 67B6BE86273AF39C004C5EA6 /* LaunchDetailContracts.swift */; };
		67B6BE89273AF3AC004C5EA6 /* LaunchDetailViewModel.swift in Sources */ = {isa = PBXBuildFile; fileRef = 67B6BE88273AF3AC004C5EA6 /* LaunchDetailViewModel.swift */; };
		67B6BE8B273C541A004C5EA6 /* LaunchApiServiceProtocol.swift in Sources */ = {isa = PBXBuildFile; fileRef = 67B6BE8A273C541A004C5EA6 /* LaunchApiServiceProtocol.swift */; };
		67B6BE9A273C5CC1004C5EA6 /* Dispatcher.swift in Sources */ = {isa = PBXBuildFile; fileRef = 67B6BE8F273C5CC1004C5EA6 /* Dispatcher.swift */; };
		67B6BE9B273C5CC1004C5EA6 /* Environment.swift in Sources */ = {isa = PBXBuildFile; fileRef = 67B6BE90273C5CC1004C5EA6 /* Environment.swift */; };
		67B6BE9C273C5CC1004C5EA6 /* AllLaunchsOperation.swift in Sources */ = {isa = PBXBuildFile; fileRef = 67B6BE92273C5CC1004C5EA6 /* AllLaunchsOperation.swift */; };
		67B6BE9D273C5CC1004C5EA6 /* UpcomingLaunchsOperation.swift in Sources */ = {isa = PBXBuildFile; fileRef = 67B6BE93273C5CC1004C5EA6 /* UpcomingLaunchsOperation.swift */; };
		67B6BE9E273C5CC1004C5EA6 /* Operation.swift in Sources */ = {isa = PBXBuildFile; fileRef = 67B6BE94273C5CC1004C5EA6 /* Operation.swift */; };
		67B6BE9F273C5CC1004C5EA6 /* LaunchRequests.swift in Sources */ = {isa = PBXBuildFile; fileRef = 67B6BE96273C5CC1004C5EA6 /* LaunchRequests.swift */; };
		67B6BEA0273C5CC1004C5EA6 /* Request.swift in Sources */ = {isa = PBXBuildFile; fileRef = 67B6BE97273C5CC1004C5EA6 /* Request.swift */; };
		67B6BEA1273C5CC1004C5EA6 /* Response.swift in Sources */ = {isa = PBXBuildFile; fileRef = 67B6BE98273C5CC1004C5EA6 /* Response.swift */; };
		67B6BEA2273C5CC1004C5EA6 /* NetworkDispatcher.swift in Sources */ = {isa = PBXBuildFile; fileRef = 67B6BE99273C5CC1004C5EA6 /* NetworkDispatcher.swift */; };
		67B6BEA4273C7FF7004C5EA6 /* GetLaunchOperation.swift in Sources */ = {isa = PBXBuildFile; fileRef = 67B6BEA3273C7FF7004C5EA6 /* GetLaunchOperation.swift */; };
		67B6BEA8273D3238004C5EA6 /* UIView+.swift in Sources */ = {isa = PBXBuildFile; fileRef = 67B6BEA7273D3238004C5EA6 /* UIView+.swift */; };
		67B6BEAA273E6D5A004C5EA6 /* InternetConnectionManager.swift in Sources */ = {isa = PBXBuildFile; fileRef = 67B6BEA9273E6D5A004C5EA6 /* InternetConnectionManager.swift */; };
/* End PBXBuildFile section */

/* Begin PBXFileReference section */
		22476715D53622257F95ED73 /* Pods-FlightObserver.release.xcconfig */ = {isa = PBXFileReference; includeInIndex = 1; lastKnownFileType = text.xcconfig; name = "Pods-FlightObserver.release.xcconfig"; path = "Target Support Files/Pods-FlightObserver/Pods-FlightObserver.release.xcconfig"; sourceTree = "<group>"; };
		3DEEEE32B8E184A5EE5811E3 /* Pods-FlightObserver-FlightObserverUITests.release.xcconfig */ = {isa = PBXFileReference; includeInIndex = 1; lastKnownFileType = text.xcconfig; name = "Pods-FlightObserver-FlightObserverUITests.release.xcconfig"; path = "Target Support Files/Pods-FlightObserver-FlightObserverUITests/Pods-FlightObserver-FlightObserverUITests.release.xcconfig"; sourceTree = "<group>"; };
		432F068C8EF990EF570F612D /* Pods-FlightObserver.debug.xcconfig */ = {isa = PBXFileReference; includeInIndex = 1; lastKnownFileType = text.xcconfig; name = "Pods-FlightObserver.debug.xcconfig"; path = "Target Support Files/Pods-FlightObserver/Pods-FlightObserver.debug.xcconfig"; sourceTree = "<group>"; };
		67B6BE2927397092004C5EA6 /* FlightObserver.app */ = {isa = PBXFileReference; explicitFileType = wrapper.application; includeInIndex = 0; path = FlightObserver.app; sourceTree = BUILT_PRODUCTS_DIR; };
		67B6BE2C27397092004C5EA6 /* AppDelegate.swift */ = {isa = PBXFileReference; lastKnownFileType = sourcecode.swift; path = AppDelegate.swift; sourceTree = "<group>"; };
		67B6BE3527397094004C5EA6 /* Assets.xcassets */ = {isa = PBXFileReference; lastKnownFileType = folder.assetcatalog; path = Assets.xcassets; sourceTree = "<group>"; };
		67B6BE3827397094004C5EA6 /* Base */ = {isa = PBXFileReference; lastKnownFileType = file.storyboard; name = Base; path = Base.lproj/LaunchScreen.storyboard; sourceTree = "<group>"; };
		67B6BE3A27397094004C5EA6 /* Info.plist */ = {isa = PBXFileReference; lastKnownFileType = text.plist.xml; path = Info.plist; sourceTree = "<group>"; };
		67B6BE6127397498004C5EA6 /* AppRouter.swift */ = {isa = PBXFileReference; lastKnownFileType = sourcecode.swift; path = AppRouter.swift; sourceTree = "<group>"; };
		67B6BE63273974A9004C5EA6 /* AppContainer.swift */ = {isa = PBXFileReference; lastKnownFileType = sourcecode.swift; path = AppContainer.swift; sourceTree = "<group>"; };
		67B6BE6727397E17004C5EA6 /* LaunchList.storyboard */ = {isa = PBXFileReference; lastKnownFileType = file.storyboard; path = LaunchList.storyboard; sourceTree = "<group>"; };
		67B6BE6927397E30004C5EA6 /* LaunchListViewController.swift */ = {isa = PBXFileReference; lastKnownFileType = sourcecode.swift; path = LaunchListViewController.swift; sourceTree = "<group>"; };
		67B6BE6B27397EC1004C5EA6 /* LaunchListBuilder.swift */ = {isa = PBXFileReference; lastKnownFileType = sourcecode.swift; path = LaunchListBuilder.swift; sourceTree = "<group>"; };
		67B6BE6D27397F0D004C5EA6 /* LaunchListContracts.swift */ = {isa = PBXFileReference; lastKnownFileType = sourcecode.swift; path = LaunchListContracts.swift; sourceTree = "<group>"; };
		67B6BE6F27397F79004C5EA6 /* LaunchListViewModel.swift */ = {isa = PBXFileReference; lastKnownFileType = sourcecode.swift; path = LaunchListViewModel.swift; sourceTree = "<group>"; };
		67B6BE72273980EB004C5EA6 /* LaunchDetail.swift */ = {isa = PBXFileReference; lastKnownFileType = sourcecode.swift; path = LaunchDetail.swift; sourceTree = "<group>"; };
		67B6BE742739828C004C5EA6 /* LaunchApiService.swift */ = {isa = PBXFileReference; lastKnownFileType = sourcecode.swift; path = LaunchApiService.swift; sourceTree = "<group>"; };
		67B6BE7627398301004C5EA6 /* Result.swift */ = {isa = PBXFileReference; lastKnownFileType = sourcecode.swift; path = Result.swift; sourceTree = "<group>"; };
		67B6BE7827399283004C5EA6 /* LaunchDetailLinks.swift */ = {isa = PBXFileReference; lastKnownFileType = sourcecode.swift; path = LaunchDetailLinks.swift; sourceTree = "<group>"; };
		67B6BE7B2739AAA3004C5EA6 /* FlightDetailRow.swift */ = {isa = PBXFileReference; lastKnownFileType = sourcecode.swift; path = FlightDetailRow.swift; sourceTree = "<group>"; };
		67B6BE7D2739C4F9004C5EA6 /* KingfisherSource.swift */ = {isa = PBXFileReference; lastKnownFileType = sourcecode.swift; path = KingfisherSource.swift; sourceTree = "<group>"; };
		67B6BE80273AF351004C5EA6 /* LaunchDetail.storyboard */ = {isa = PBXFileReference; lastKnownFileType = file.storyboard; path = LaunchDetail.storyboard; sourceTree = "<group>"; };
		67B6BE82273AF372004C5EA6 /* LaunchDetailViewController.swift */ = {isa = PBXFileReference; lastKnownFileType = sourcecode.swift; path = LaunchDetailViewController.swift; sourceTree = "<group>"; };
		67B6BE84273AF380004C5EA6 /* LaunchDetailBuilder.swift */ = {isa = PBXFileReference; lastKnownFileType = sourcecode.swift; path = LaunchDetailBuilder.swift; sourceTree = "<group>"; };
		67B6BE86273AF39C004C5EA6 /* LaunchDetailContracts.swift */ = {isa = PBXFileReference; lastKnownFileType = sourcecode.swift; path = LaunchDetailContracts.swift; sourceTree = "<group>"; };
		67B6BE88273AF3AC004C5EA6 /* LaunchDetailViewModel.swift */ = {isa = PBXFileReference; lastKnownFileType = sourcecode.swift; path = LaunchDetailViewModel.swift; sourceTree = "<group>"; };
		67B6BE8A273C541A004C5EA6 /* LaunchApiServiceProtocol.swift */ = {isa = PBXFileReference; lastKnownFileType = sourcecode.swift; path = LaunchApiServiceProtocol.swift; sourceTree = "<group>"; };
		67B6BE8F273C5CC1004C5EA6 /* Dispatcher.swift */ = {isa = PBXFileReference; fileEncoding = 4; lastKnownFileType = sourcecode.swift; path = Dispatcher.swift; sourceTree = "<group>"; };
		67B6BE90273C5CC1004C5EA6 /* Environment.swift */ = {isa = PBXFileReference; fileEncoding = 4; lastKnownFileType = sourcecode.swift; path = Environment.swift; sourceTree = "<group>"; };
		67B6BE92273C5CC1004C5EA6 /* AllLaunchsOperation.swift */ = {isa = PBXFileReference; fileEncoding = 4; lastKnownFileType = sourcecode.swift; path = AllLaunchsOperation.swift; sourceTree = "<group>"; };
		67B6BE93273C5CC1004C5EA6 /* UpcomingLaunchsOperation.swift */ = {isa = PBXFileReference; fileEncoding = 4; lastKnownFileType = sourcecode.swift; path = UpcomingLaunchsOperation.swift; sourceTree = "<group>"; };
		67B6BE94273C5CC1004C5EA6 /* Operation.swift */ = {isa = PBXFileReference; fileEncoding = 4; lastKnownFileType = sourcecode.swift; path = Operation.swift; sourceTree = "<group>"; };
		67B6BE96273C5CC1004C5EA6 /* LaunchRequests.swift */ = {isa = PBXFileReference; fileEncoding = 4; lastKnownFileType = sourcecode.swift; path = LaunchRequests.swift; sourceTree = "<group>"; };
		67B6BE97273C5CC1004C5EA6 /* Request.swift */ = {isa = PBXFileReference; fileEncoding = 4; lastKnownFileType = sourcecode.swift; path = Request.swift; sourceTree = "<group>"; };
		67B6BE98273C5CC1004C5EA6 /* Response.swift */ = {isa = PBXFileReference; fileEncoding = 4; lastKnownFileType = sourcecode.swift; path = Response.swift; sourceTree = "<group>"; };
		67B6BE99273C5CC1004C5EA6 /* NetworkDispatcher.swift */ = {isa = PBXFileReference; fileEncoding = 4; lastKnownFileType = sourcecode.swift; path = NetworkDispatcher.swift; sourceTree = "<group>"; };
		67B6BEA3273C7FF7004C5EA6 /* GetLaunchOperation.swift */ = {isa = PBXFileReference; lastKnownFileType = sourcecode.swift; path = GetLaunchOperation.swift; sourceTree = "<group>"; };
		67B6BEA7273D3238004C5EA6 /* UIView+.swift */ = {isa = PBXFileReference; lastKnownFileType = sourcecode.swift; path = "UIView+.swift"; sourceTree = "<group>"; };
		67B6BEA9273E6D5A004C5EA6 /* InternetConnectionManager.swift */ = {isa = PBXFileReference; lastKnownFileType = sourcecode.swift; path = InternetConnectionManager.swift; sourceTree = "<group>"; };
		AD7A9B84D737C361AE5011F1 /* Pods-FlightObserverTests.release.xcconfig */ = {isa = PBXFileReference; includeInIndex = 1; lastKnownFileType = text.xcconfig; name = "Pods-FlightObserverTests.release.xcconfig"; path = "Target Support Files/Pods-FlightObserverTests/Pods-FlightObserverTests.release.xcconfig"; sourceTree = "<group>"; };
		ADEFA52907B0BB89CAB9FA5A /* Pods-FlightObserverTests.debug.xcconfig */ = {isa = PBXFileReference; includeInIndex = 1; lastKnownFileType = text.xcconfig; name = "Pods-FlightObserverTests.debug.xcconfig"; path = "Target Support Files/Pods-FlightObserverTests/Pods-FlightObserverTests.debug.xcconfig"; sourceTree = "<group>"; };
		B2A180A9C4162CD8AC417322 /* Pods-FlightObserver-FlightObserverUITests.debug.xcconfig */ = {isa = PBXFileReference; includeInIndex = 1; lastKnownFileType = text.xcconfig; name = "Pods-FlightObserver-FlightObserverUITests.debug.xcconfig"; path = "Target Support Files/Pods-FlightObserver-FlightObserverUITests/Pods-FlightObserver-FlightObserverUITests.debug.xcconfig"; sourceTree = "<group>"; };
		B2C8C79F37728CE2DDBD0DCF /* Pods_FlightObserver.framework */ = {isa = PBXFileReference; explicitFileType = wrapper.framework; includeInIndex = 0; path = Pods_FlightObserver.framework; sourceTree = BUILT_PRODUCTS_DIR; };
/* End PBXFileReference section */

/* Begin PBXFrameworksBuildPhase section */
		67B6BE2627397092004C5EA6 /* Frameworks */ = {
			isa = PBXFrameworksBuildPhase;
			buildActionMask = 2147483647;
			files = (
				090E81F375E82276115D2944 /* Pods_FlightObserver.framework in Frameworks */,
			);
			runOnlyForDeploymentPostprocessing = 0;
		};
/* End PBXFrameworksBuildPhase section */

/* Begin PBXGroup section */
		3691B9DABF10F2535E11DA21 /* Frameworks */ = {
			isa = PBXGroup;
			children = (
				B2C8C79F37728CE2DDBD0DCF /* Pods_FlightObserver.framework */,
			);
			name = Frameworks;
			sourceTree = "<group>";
		};
		67B6BE2027397092004C5EA6 = {
			isa = PBXGroup;
			children = (
				67B6BE2B27397092004C5EA6 /* FlightObserver */,
				67B6BE2A27397092004C5EA6 /* Products */,
				759661529CC22FB94E48F739 /* Pods */,
				3691B9DABF10F2535E11DA21 /* Frameworks */,
			);
			sourceTree = "<group>";
		};
		67B6BE2A27397092004C5EA6 /* Products */ = {
			isa = PBXGroup;
			children = (
				67B6BE2927397092004C5EA6 /* FlightObserver.app */,
			);
			name = Products;
			sourceTree = "<group>";
		};
		67B6BE2B27397092004C5EA6 /* FlightObserver */ = {
			isa = PBXGroup;
			children = (
				67B6BE8E273C5CC1004C5EA6 /* Network */,
				67B6BE6027397437004C5EA6 /* Support */,
				67B6BE5D273973CC004C5EA6 /* App */,
				67B6BE5E273973D9004C5EA6 /* Scenes */,
				67B6BE5F273973F9004C5EA6 /* Resources */,
			);
			path = FlightObserver;
			sourceTree = "<group>";
		};
		67B6BE5D273973CC004C5EA6 /* App */ = {
			isa = PBXGroup;
			children = (
				67B6BE2C27397092004C5EA6 /* AppDelegate.swift */,
				67B6BE6127397498004C5EA6 /* AppRouter.swift */,
				67B6BE63273974A9004C5EA6 /* AppContainer.swift */,
			);
			path = App;
			sourceTree = "<group>";
		};
		67B6BE5E273973D9004C5EA6 /* Scenes */ = {
			isa = PBXGroup;
			children = (
				67B6BE6527397DAE004C5EA6 /* LaunchList */,
				67B6BE6627397DD4004C5EA6 /* LaunchDetail */,
			);
			path = Scenes;
			sourceTree = "<group>";
		};
		67B6BE5F273973F9004C5EA6 /* Resources */ = {
			isa = PBXGroup;
			children = (
				67B6BE3527397094004C5EA6 /* Assets.xcassets */,
			);
			path = Resources;
			sourceTree = "<group>";
		};
		67B6BE6027397437004C5EA6 /* Support */ = {
			isa = PBXGroup;
			children = (
				67B6BEA6273D3222004C5EA6 /* Extensions */,
				67B6BE7F2739C56E004C5EA6 /* Helpers */,
				67B6BE7A2739AA79004C5EA6 /* CustomRows */,
				67B6BE3A27397094004C5EA6 /* Info.plist */,
				67B6BE3727397094004C5EA6 /* LaunchScreen.storyboard */,
			);
			path = Support;
			sourceTree = "<group>";
		};
		67B6BE6527397DAE004C5EA6 /* LaunchList */ = {
			isa = PBXGroup;
			children = (
				67B6BE6727397E17004C5EA6 /* LaunchList.storyboard */,
				67B6BE6927397E30004C5EA6 /* LaunchListViewController.swift */,
				67B6BE6B27397EC1004C5EA6 /* LaunchListBuilder.swift */,
				67B6BE6D27397F0D004C5EA6 /* LaunchListContracts.swift */,
				67B6BE6F27397F79004C5EA6 /* LaunchListViewModel.swift */,
			);
			path = LaunchList;
			sourceTree = "<group>";
		};
		67B6BE6627397DD4004C5EA6 /* LaunchDetail */ = {
			isa = PBXGroup;
			children = (
				67B6BE80273AF351004C5EA6 /* LaunchDetail.storyboard */,
				67B6BE82273AF372004C5EA6 /* LaunchDetailViewController.swift */,
				67B6BE84273AF380004C5EA6 /* LaunchDetailBuilder.swift */,
				67B6BE86273AF39C004C5EA6 /* LaunchDetailContracts.swift */,
				67B6BE88273AF3AC004C5EA6 /* LaunchDetailViewModel.swift */,
			);
			path = LaunchDetail;
			sourceTree = "<group>";
		};
		67B6BE71273980A8004C5EA6 /* Models */ = {
			isa = PBXGroup;
			children = (
				67B6BE72273980EB004C5EA6 /* LaunchDetail.swift */,
				67B6BE7827399283004C5EA6 /* LaunchDetailLinks.swift */,
			);
			path = Models;
			sourceTree = "<group>";
		};
		67B6BE7A2739AA79004C5EA6 /* CustomRows */ = {
			isa = PBXGroup;
			children = (
				67B6BE7B2739AAA3004C5EA6 /* FlightDetailRow.swift */,
			);
			path = CustomRows;
			sourceTree = "<group>";
		};
		67B6BE7F2739C56E004C5EA6 /* Helpers */ = {
			isa = PBXGroup;
			children = (
				67B6BE7D2739C4F9004C5EA6 /* KingfisherSource.swift */,
				67B6BEA9273E6D5A004C5EA6 /* InternetConnectionManager.swift */,
			);
			path = Helpers;
			sourceTree = "<group>";
		};
		67B6BE8E273C5CC1004C5EA6 /* Network */ = {
			isa = PBXGroup;
			children = (
				67B6BEA5273C8208004C5EA6 /* Services */,
				67B6BE71273980A8004C5EA6 /* Models */,
				67B6BE91273C5CC1004C5EA6 /* Operations */,
				67B6BE95273C5CC1004C5EA6 /* Requests */,
				67B6BE8F273C5CC1004C5EA6 /* Dispatcher.swift */,
				67B6BE98273C5CC1004C5EA6 /* Response.swift */,
				67B6BE99273C5CC1004C5EA6 /* NetworkDispatcher.swift */,
				67B6BE90273C5CC1004C5EA6 /* Environment.swift */,
				67B6BE7627398301004C5EA6 /* Result.swift */,
			);
			path = Network;
			sourceTree = "<group>";
		};
		67B6BE91273C5CC1004C5EA6 /* Operations */ = {
			isa = PBXGroup;
			children = (
				67B6BE92273C5CC1004C5EA6 /* AllLaunchsOperation.swift */,
				67B6BEA3273C7FF7004C5EA6 /* GetLaunchOperation.swift */,
				67B6BE93273C5CC1004C5EA6 /* UpcomingLaunchsOperation.swift */,
				67B6BE94273C5CC1004C5EA6 /* Operation.swift */,
			);
			path = Operations;
			sourceTree = "<group>";
		};
		67B6BE95273C5CC1004C5EA6 /* Requests */ = {
			isa = PBXGroup;
			children = (
				67B6BE96273C5CC1004C5EA6 /* LaunchRequests.swift */,
				67B6BE97273C5CC1004C5EA6 /* Request.swift */,
			);
			path = Requests;
			sourceTree = "<group>";
		};
		67B6BEA5273C8208004C5EA6 /* Services */ = {
			isa = PBXGroup;
			children = (
				67B6BE8A273C541A004C5EA6 /* LaunchApiServiceProtocol.swift */,
				67B6BE742739828C004C5EA6 /* LaunchApiService.swift */,
			);
			path = Services;
			sourceTree = "<group>";
		};
		67B6BEA6273D3222004C5EA6 /* Extensions */ = {
			isa = PBXGroup;
			children = (
				67B6BEA7273D3238004C5EA6 /* UIView+.swift */,
			);
			path = Extensions;
			sourceTree = "<group>";
		};
		759661529CC22FB94E48F739 /* Pods */ = {
			isa = PBXGroup;
			children = (
				432F068C8EF990EF570F612D /* Pods-FlightObserver.debug.xcconfig */,
				22476715D53622257F95ED73 /* Pods-FlightObserver.release.xcconfig */,
				B2A180A9C4162CD8AC417322 /* Pods-FlightObserver-FlightObserverUITests.debug.xcconfig */,
				3DEEEE32B8E184A5EE5811E3 /* Pods-FlightObserver-FlightObserverUITests.release.xcconfig */,
				ADEFA52907B0BB89CAB9FA5A /* Pods-FlightObserverTests.debug.xcconfig */,
				AD7A9B84D737C361AE5011F1 /* Pods-FlightObserverTests.release.xcconfig */,
			);
			path = Pods;
			sourceTree = "<group>";
		};
/* End PBXGroup section */

/* Begin PBXNativeTarget section */
		67B6BE2827397092004C5EA6 /* FlightObserver */ = {
			isa = PBXNativeTarget;
			buildConfigurationList = 67B6BE5327397094004C5EA6 /* Build configuration list for PBXNativeTarget "FlightObserver" */;
			buildPhases = (
				53CF86E91269689D067EE91F /* [CP] Check Pods Manifest.lock */,
				67B6BE2527397092004C5EA6 /* Sources */,
				67B6BE2627397092004C5EA6 /* Frameworks */,
				67B6BE2727397092004C5EA6 /* Resources */,
				97E998772F2F65651FE3700A /* [CP] Embed Pods Frameworks */,
			);
			buildRules = (
			);
			dependencies = (
			);
			name = FlightObserver;
			productName = FlightObserver;
			productReference = 67B6BE2927397092004C5EA6 /* FlightObserver.app */;
			productType = "com.apple.product-type.application";
		};
/* End PBXNativeTarget section */

/* Begin PBXProject section */
		67B6BE2127397092004C5EA6 /* Project object */ = {
			isa = PBXProject;
			attributes = {
				BuildIndependentTargetsInParallel = 1;
				LastSwiftUpdateCheck = 1310;
				LastUpgradeCheck = 1310;
				TargetAttributes = {
					67B6BE2827397092004C5EA6 = {
						CreatedOnToolsVersion = 13.1;
					};
				};
			};
			buildConfigurationList = 67B6BE2427397092004C5EA6 /* Build configuration list for PBXProject "FlightObserver" */;
			compatibilityVersion = "Xcode 13.0";
			developmentRegion = en;
			hasScannedForEncodings = 0;
			knownRegions = (
				en,
				Base,
			);
			mainGroup = 67B6BE2027397092004C5EA6;
			productRefGroup = 67B6BE2A27397092004C5EA6 /* Products */;
			projectDirPath = "";
			projectRoot = "";
			targets = (
				67B6BE2827397092004C5EA6 /* FlightObserver */,
			);
		};
/* End PBXProject section */

/* Begin PBXResourcesBuildPhase section */
		67B6BE2727397092004C5EA6 /* Resources */ = {
			isa = PBXResourcesBuildPhase;
			buildActionMask = 2147483647;
			files = (
				67B6BE81273AF351004C5EA6 /* LaunchDetail.storyboard in Resources */,
				67B6BE3927397094004C5EA6 /* LaunchScreen.storyboard in Resources */,
				67B6BE6827397E17004C5EA6 /* LaunchList.storyboard in Resources */,
				67B6BE3627397094004C5EA6 /* Assets.xcassets in Resources */,
			);
			runOnlyForDeploymentPostprocessing = 0;
		};
/* End PBXResourcesBuildPhase section */

/* Begin PBXShellScriptBuildPhase section */
		53CF86E91269689D067EE91F /* [CP] Check Pods Manifest.lock */ = {
			isa = PBXShellScriptBuildPhase;
			buildActionMask = 2147483647;
			files = (
			);
			inputFileListPaths = (
			);
			inputPaths = (
				"${PODS_PODFILE_DIR_PATH}/Podfile.lock",
				"${PODS_ROOT}/Manifest.lock",
			);
			name = "[CP] Check Pods Manifest.lock";
			outputFileListPaths = (
			);
			outputPaths = (
				"$(DERIVED_FILE_DIR)/Pods-FlightObserver-checkManifestLockResult.txt",
			);
			runOnlyForDeploymentPostprocessing = 0;
			shellPath = /bin/sh;
			shellScript = "diff \"${PODS_PODFILE_DIR_PATH}/Podfile.lock\" \"${PODS_ROOT}/Manifest.lock\" > /dev/null\nif [ $? != 0 ] ; then\n    # print error to STDERR\n    echo \"error: The sandbox is not in sync with the Podfile.lock. Run 'pod install' or update your CocoaPods installation.\" >&2\n    exit 1\nfi\n# This output is used by Xcode 'outputs' to avoid re-running this script phase.\necho \"SUCCESS\" > \"${SCRIPT_OUTPUT_FILE_0}\"\n";
			showEnvVarsInLog = 0;
		};
		97E998772F2F65651FE3700A /* [CP] Embed Pods Frameworks */ = {
			isa = PBXShellScriptBuildPhase;
			buildActionMask = 2147483647;
			files = (
			);
			inputFileListPaths = (
				"${PODS_ROOT}/Target Support Files/Pods-FlightObserver/Pods-FlightObserver-frameworks-${CONFIGURATION}-input-files.xcfilelist",
			);
			name = "[CP] Embed Pods Frameworks";
			outputFileListPaths = (
				"${PODS_ROOT}/Target Support Files/Pods-FlightObserver/Pods-FlightObserver-frameworks-${CONFIGURATION}-output-files.xcfilelist",
			);
			runOnlyForDeploymentPostprocessing = 0;
			shellPath = /bin/sh;
			shellScript = "\"${PODS_ROOT}/Target Support Files/Pods-FlightObserver/Pods-FlightObserver-frameworks.sh\"\n";
			showEnvVarsInLog = 0;
		};
/* End PBXShellScriptBuildPhase section */

/* Begin PBXSourcesBuildPhase section */
		67B6BE2527397092004C5EA6 /* Sources */ = {
			isa = PBXSourcesBuildPhase;
			buildActionMask = 2147483647;
			files = (
				67B6BE2D27397092004C5EA6 /* AppDelegate.swift in Sources */,
				67B6BEA0273C5CC1004C5EA6 /* Request.swift in Sources */,
				67B6BE64273974A9004C5EA6 /* AppContainer.swift in Sources */,
				67B6BEA2273C5CC1004C5EA6 /* NetworkDispatcher.swift in Sources */,
				67B6BE9D273C5CC1004C5EA6 /* UpcomingLaunchsOperation.swift in Sources */,
				67B6BE7027397F79004C5EA6 /* LaunchListViewModel.swift in Sources */,
				67B6BE73273980EB004C5EA6 /* LaunchDetail.swift in Sources */,
				67B6BE7927399283004C5EA6 /* LaunchDetailLinks.swift in Sources */,
				67B6BEAA273E6D5A004C5EA6 /* InternetConnectionManager.swift in Sources */,
				67B6BE87273AF39C004C5EA6 /* LaunchDetailContracts.swift in Sources */,
				67B6BE752739828C004C5EA6 /* LaunchApiService.swift in Sources */,
				67B6BE85273AF380004C5EA6 /* LaunchDetailBuilder.swift in Sources */,
				67B6BE89273AF3AC004C5EA6 /* LaunchDetailViewModel.swift in Sources */,
				67B6BE9E273C5CC1004C5EA6 /* Operation.swift in Sources */,
				67B6BEA1273C5CC1004C5EA6 /* Response.swift in Sources */,
				67B6BE9B273C5CC1004C5EA6 /* Environment.swift in Sources */,
				67B6BE6227397498004C5EA6 /* AppRouter.swift in Sources */,
				67B6BE9F273C5CC1004C5EA6 /* LaunchRequests.swift in Sources */,
				67B6BE7727398301004C5EA6 /* Result.swift in Sources */,
				67B6BE7E2739C4F9004C5EA6 /* KingfisherSource.swift in Sources */,
				67B6BE6A27397E30004C5EA6 /* LaunchListViewController.swift in Sources */,
				67B6BE9A273C5CC1004C5EA6 /* Dispatcher.swift in Sources */,
				67B6BE83273AF372004C5EA6 /* LaunchDetailViewController.swift in Sources */,
				67B6BEA4273C7FF7004C5EA6 /* GetLaunchOperation.swift in Sources */,
				67B6BE7C2739AAA3004C5EA6 /* FlightDetailRow.swift in Sources */,
				67B6BEA8273D3238004C5EA6 /* UIView+.swift in Sources */,
				67B6BE6C27397EC1004C5EA6 /* LaunchListBuilder.swift in Sources */,
				67B6BE9C273C5CC1004C5EA6 /* AllLaunchsOperation.swift in Sources */,
				67B6BE6E27397F0D004C5EA6 /* LaunchListContracts.swift in Sources */,
				67B6BE8B273C541A004C5EA6 /* LaunchApiServiceProtocol.swift in Sources */,
			);
			runOnlyForDeploymentPostprocessing = 0;
		};
/* End PBXSourcesBuildPhase section */

/* Begin PBXVariantGroup section */
		67B6BE3727397094004C5EA6 /* LaunchScreen.storyboard */ = {
			isa = PBXVariantGroup;
			children = (
				67B6BE3827397094004C5EA6 /* Base */,
			);
			name = LaunchScreen.storyboard;
			sourceTree = "<group>";
		};
/* End PBXVariantGroup section */

/* Begin XCBuildConfiguration section */
		67B6BE5127397094004C5EA6 /* Debug */ = {
			isa = XCBuildConfiguration;
			buildSettings = {
				ALWAYS_SEARCH_USER_PATHS = NO;
				CLANG_ANALYZER_NONNULL = YES;
				CLANG_ANALYZER_NUMBER_OBJECT_CONVERSION = YES_AGGRESSIVE;
				CLANG_CXX_LANGUAGE_STANDARD = "gnu++17";
				CLANG_CXX_LIBRARY = "libc++";
				CLANG_ENABLE_MODULES = YES;
				CLANG_ENABLE_OBJC_ARC = YES;
				CLANG_ENABLE_OBJC_WEAK = YES;
				CLANG_WARN_BLOCK_CAPTURE_AUTORELEASING = YES;
				CLANG_WARN_BOOL_CONVERSION = YES;
				CLANG_WARN_COMMA = YES;
				CLANG_WARN_CONSTANT_CONVERSION = YES;
				CLANG_WARN_DEPRECATED_OBJC_IMPLEMENTATIONS = YES;
				CLANG_WARN_DIRECT_OBJC_ISA_USAGE = YES_ERROR;
				CLANG_WARN_DOCUMENTATION_COMMENTS = YES;
				CLANG_WARN_EMPTY_BODY = YES;
				CLANG_WARN_ENUM_CONVERSION = YES;
				CLANG_WARN_INFINITE_RECURSION = YES;
				CLANG_WARN_INT_CONVERSION = YES;
				CLANG_WARN_NON_LITERAL_NULL_CONVERSION = YES;
				CLANG_WARN_OBJC_IMPLICIT_RETAIN_SELF = YES;
				CLANG_WARN_OBJC_LITERAL_CONVERSION = YES;
				CLANG_WARN_OBJC_ROOT_CLASS = YES_ERROR;
				CLANG_WARN_QUOTED_INCLUDE_IN_FRAMEWORK_HEADER = YES;
				CLANG_WARN_RANGE_LOOP_ANALYSIS = YES;
				CLANG_WARN_STRICT_PROTOTYPES = YES;
				CLANG_WARN_SUSPICIOUS_MOVE = YES;
				CLANG_WARN_UNGUARDED_AVAILABILITY = YES_AGGRESSIVE;
				CLANG_WARN_UNREACHABLE_CODE = YES;
				CLANG_WARN__DUPLICATE_METHOD_MATCH = YES;
				COPY_PHASE_STRIP = NO;
				DEBUG_INFORMATION_FORMAT = dwarf;
				ENABLE_STRICT_OBJC_MSGSEND = YES;
				ENABLE_TESTABILITY = YES;
				GCC_C_LANGUAGE_STANDARD = gnu11;
				GCC_DYNAMIC_NO_PIC = NO;
				GCC_NO_COMMON_BLOCKS = YES;
				GCC_OPTIMIZATION_LEVEL = 0;
				GCC_PREPROCESSOR_DEFINITIONS = (
					"DEBUG=1",
					"$(inherited)",
				);
				GCC_WARN_64_TO_32_BIT_CONVERSION = YES;
				GCC_WARN_ABOUT_RETURN_TYPE = YES_ERROR;
				GCC_WARN_UNDECLARED_SELECTOR = YES;
				GCC_WARN_UNINITIALIZED_AUTOS = YES_AGGRESSIVE;
				GCC_WARN_UNUSED_FUNCTION = YES;
				GCC_WARN_UNUSED_VARIABLE = YES;
				IPHONEOS_DEPLOYMENT_TARGET = 13.0;
				MTL_ENABLE_DEBUG_INFO = INCLUDE_SOURCE;
				MTL_FAST_MATH = YES;
				ONLY_ACTIVE_ARCH = YES;
				SDKROOT = iphoneos;
				SWIFT_ACTIVE_COMPILATION_CONDITIONS = DEBUG;
				SWIFT_OPTIMIZATION_LEVEL = "-Onone";
			};
			name = Debug;
		};
		67B6BE5227397094004C5EA6 /* Release */ = {
			isa = XCBuildConfiguration;
			buildSettings = {
				ALWAYS_SEARCH_USER_PATHS = NO;
				CLANG_ANALYZER_NONNULL = YES;
				CLANG_ANALYZER_NUMBER_OBJECT_CONVERSION = YES_AGGRESSIVE;
				CLANG_CXX_LANGUAGE_STANDARD = "gnu++17";
				CLANG_CXX_LIBRARY = "libc++";
				CLANG_ENABLE_MODULES = YES;
				CLANG_ENABLE_OBJC_ARC = YES;
				CLANG_ENABLE_OBJC_WEAK = YES;
				CLANG_WARN_BLOCK_CAPTURE_AUTORELEASING = YES;
				CLANG_WARN_BOOL_CONVERSION = YES;
				CLANG_WARN_COMMA = YES;
				CLANG_WARN_CONSTANT_CONVERSION = YES;
				CLANG_WARN_DEPRECATED_OBJC_IMPLEMENTATIONS = YES;
				CLANG_WARN_DIRECT_OBJC_ISA_USAGE = YES_ERROR;
				CLANG_WARN_DOCUMENTATION_COMMENTS = YES;
				CLANG_WARN_EMPTY_BODY = YES;
				CLANG_WARN_ENUM_CONVERSION = YES;
				CLANG_WARN_INFINITE_RECURSION = YES;
				CLANG_WARN_INT_CONVERSION = YES;
				CLANG_WARN_NON_LITERAL_NULL_CONVERSION = YES;
				CLANG_WARN_OBJC_IMPLICIT_RETAIN_SELF = YES;
				CLANG_WARN_OBJC_LITERAL_CONVERSION = YES;
				CLANG_WARN_OBJC_ROOT_CLASS = YES_ERROR;
				CLANG_WARN_QUOTED_INCLUDE_IN_FRAMEWORK_HEADER = YES;
				CLANG_WARN_RANGE_LOOP_ANALYSIS = YES;
				CLANG_WARN_STRICT_PROTOTYPES = YES;
				CLANG_WARN_SUSPICIOUS_MOVE = YES;
				CLANG_WARN_UNGUARDED_AVAILABILITY = YES_AGGRESSIVE;
				CLANG_WARN_UNREACHABLE_CODE = YES;
				CLANG_WARN__DUPLICATE_METHOD_MATCH = YES;
				COPY_PHASE_STRIP = NO;
				DEBUG_INFORMATION_FORMAT = "dwarf-with-dsym";
				ENABLE_NS_ASSERTIONS = NO;
				ENABLE_STRICT_OBJC_MSGSEND = YES;
				GCC_C_LANGUAGE_STANDARD = gnu11;
				GCC_NO_COMMON_BLOCKS = YES;
				GCC_WARN_64_TO_32_BIT_CONVERSION = YES;
				GCC_WARN_ABOUT_RETURN_TYPE = YES_ERROR;
				GCC_WARN_UNDECLARED_SELECTOR = YES;
				GCC_WARN_UNINITIALIZED_AUTOS = YES_AGGRESSIVE;
				GCC_WARN_UNUSED_FUNCTION = YES;
				GCC_WARN_UNUSED_VARIABLE = YES;
				IPHONEOS_DEPLOYMENT_TARGET = 13.0;
				MTL_ENABLE_DEBUG_INFO = NO;
				MTL_FAST_MATH = YES;
				SDKROOT = iphoneos;
				SWIFT_COMPILATION_MODE = wholemodule;
				SWIFT_OPTIMIZATION_LEVEL = "-O";
				VALIDATE_PRODUCT = YES;
			};
			name = Release;
		};
		67B6BE5427397094004C5EA6 /* Debug */ = {
			isa = XCBuildConfiguration;
			baseConfigurationReference = 432F068C8EF990EF570F612D /* Pods-FlightObserver.debug.xcconfig */;
			buildSettings = {
				ASSETCATALOG_COMPILER_APPICON_NAME = AppIcon;
				ASSETCATALOG_COMPILER_GLOBAL_ACCENT_COLOR_NAME = AccentColor;
				CODE_SIGN_STYLE = Automatic;
				CURRENT_PROJECT_VERSION = 1;
				DEVELOPMENT_TEAM = CPYF7YJ28K;
				GENERATE_INFOPLIST_FILE = YES;
				INFOPLIST_FILE = FlightObserver/Support/Info.plist;
				INFOPLIST_KEY_CFBundleDisplayName = "Flight Observer";
				INFOPLIST_KEY_UIApplicationSupportsIndirectInputEvents = YES;
				INFOPLIST_KEY_UILaunchStoryboardName = LaunchScreen;
				INFOPLIST_KEY_UISupportedInterfaceOrientations = "UIInterfaceOrientationPortrait UIInterfaceOrientationPortraitUpsideDown";
				INFOPLIST_KEY_UISupportedInterfaceOrientations_iPad = "UIInterfaceOrientationPortrait UIInterfaceOrientationPortraitUpsideDown UIInterfaceOrientationLandscapeLeft UIInterfaceOrientationLandscapeRight";
				INFOPLIST_KEY_UISupportedInterfaceOrientations_iPhone = "UIInterfaceOrientationPortrait UIInterfaceOrientationLandscapeLeft UIInterfaceOrientationLandscapeRight";
				IPHONEOS_DEPLOYMENT_TARGET = 14.0;
				LD_RUNPATH_SEARCH_PATHS = (
					"$(inherited)",
					"@executable_path/Frameworks",
				);
				MARKETING_VERSION = 1.0;
				PRODUCT_BUNDLE_IDENTIFIER = com.ftrn.flightobserver.FlightObserver;
				PRODUCT_NAME = "$(TARGET_NAME)";
				SWIFT_EMIT_LOC_STRINGS = YES;
				SWIFT_VERSION = 5.0;
				TARGETED_DEVICE_FAMILY = "1,2";
			};
			name = Debug;
		};
		67B6BE5527397094004C5EA6 /* Release */ = {
			isa = XCBuildConfiguration;
			baseConfigurationReference = 22476715D53622257F95ED73 /* Pods-FlightObserver.release.xcconfig */;
			buildSettings = {
				ASSETCATALOG_COMPILER_APPICON_NAME = AppIcon;
				ASSETCATALOG_COMPILER_GLOBAL_ACCENT_COLOR_NAME = AccentColor;
				CODE_SIGN_STYLE = Automatic;
				CURRENT_PROJECT_VERSION = 1;
				DEVELOPMENT_TEAM = CPYF7YJ28K;
				GENERATE_INFOPLIST_FILE = YES;
				INFOPLIST_FILE = FlightObserver/Support/Info.plist;
				INFOPLIST_KEY_CFBundleDisplayName = "Flight Observer";
				INFOPLIST_KEY_UIApplicationSupportsIndirectInputEvents = YES;
				INFOPLIST_KEY_UILaunchStoryboardName = LaunchScreen;
				INFOPLIST_KEY_UISupportedInterfaceOrientations = "UIInterfaceOrientationPortrait UIInterfaceOrientationPortraitUpsideDown";
				INFOPLIST_KEY_UISupportedInterfaceOrientations_iPad = "UIInterfaceOrientationPortrait UIInterfaceOrientationPortraitUpsideDown UIInterfaceOrientationLandscapeLeft UIInterfaceOrientationLandscapeRight";
				INFOPLIST_KEY_UISupportedInterfaceOrientations_iPhone = "UIInterfaceOrientationPortrait UIInterfaceOrientationLandscapeLeft UIInterfaceOrientationLandscapeRight";
				IPHONEOS_DEPLOYMENT_TARGET = 14.0;
				LD_RUNPATH_SEARCH_PATHS = (
					"$(inherited)",
					"@executable_path/Frameworks",
				);
				MARKETING_VERSION = 1.0;
				PRODUCT_BUNDLE_IDENTIFIER = com.ftrn.flightobserver.FlightObserver;
				PRODUCT_NAME = "$(TARGET_NAME)";
				SWIFT_EMIT_LOC_STRINGS = YES;
				SWIFT_VERSION = 5.0;
				TARGETED_DEVICE_FAMILY = "1,2";
			};
			name = Release;
		};
/* End XCBuildConfiguration section */

/* Begin XCConfigurationList section */
		67B6BE2427397092004C5EA6 /* Build configuration list for PBXProject "FlightObserver" */ = {
			isa = XCConfigurationList;
			buildConfigurations = (
				67B6BE5127397094004C5EA6 /* Debug */,
				67B6BE5227397094004C5EA6 /* Release */,
			);
			defaultConfigurationIsVisible = 0;
			defaultConfigurationName = Release;
		};
		67B6BE5327397094004C5EA6 /* Build configuration list for PBXNativeTarget "FlightObserver" */ = {
			isa = XCConfigurationList;
			buildConfigurations = (
				67B6BE5427397094004C5EA6 /* Debug */,
				67B6BE5527397094004C5EA6 /* Release */,
			);
			defaultConfigurationIsVisible = 0;
			defaultConfigurationName = Release;
		};
/* End XCConfigurationList section */
	};
	rootObject = 67B6BE2127397092004C5EA6 /* Project object */;
}
